PODS:
  - AFNetworkActivityLogger (3.0.0):
    - AFNetworking/NSURLSession (~> 3.0)
  - AFNetworking (3.2.1):
    - AFNetworking/NSURLSession (= 3.2.1)
    - AFNetworking/Reachability (= 3.2.1)
    - AFNetworking/Security (= 3.2.1)
    - AFNetworking/Serialization (= 3.2.1)
    - AFNetworking/UIKit (= 3.2.1)
  - AFNetworking/NSURLSession (3.2.1):
    - AFNetworking/Reachability
    - AFNetworking/Security
    - AFNetworking/Serialization
  - AFNetworking/Reachability (3.2.1)
  - AFNetworking/Security (3.2.1)
  - AFNetworking/Serialization (3.2.1)
  - AFNetworking/UIKit (3.2.1):
    - AFNetworking/NSURLSession
  - ARFacebookShareKitActivity (1.2):
    - ARFacebookShareKitActivity/AppInviteActivity (= 1.2)
    - ARFacebookShareKitActivity/ShareLinkActivity (= 1.2)
    - ARFacebookShareKitActivity/ShareMediaActivity (= 1.2)
    - ARFacebookShareKitActivity/SharingDelegateExtension (= 1.2)
    - ARFacebookShareKitActivity/SharingExtension (= 1.2)
    - Bolts
    - FBSDKCoreKit
    - FBSDKShareKit
  - ARFacebookShareKitActivity/AppInviteActivity (1.2):
    - ARFacebookShareKitActivity/SharingDelegateExtension
    - Bolts
    - FBSDKCoreKit
    - FBSDKShareKit
  - ARFacebookShareKitActivity/ShareLinkActivity (1.2):
    - ARFacebookShareKitActivity/SharingDelegateExtension
    - Bolts
    - FBSDKCoreKit
    - FBSDKShareKit
  - ARFacebookShareKitActivity/ShareMediaActivity (1.2):
    - ARFacebookShareKitActivity/SharingDelegateExtension
    - Bolts
    - FBSDKCoreKit
    - FBSDKShareKit
  - ARFacebookShareKitActivity/SharingDelegateExtension (1.2):
    - Bolts
    - FBSDKCoreKit
    - FBSDKShareKit
  - ARFacebookShareKitActivity/SharingExtension (1.2):
    - ARFacebookShareKitActivity/SharingDelegateExtension
    - Bolts
    - FBSDKCoreKit
    - FBSDKShareKit
  - BBBadgeBarButtonItem (1.2)
  - Bolts (1.9.0):
    - Bolts/AppLinks (= 1.9.0)
    - Bolts/Tasks (= 1.9.0)
  - Bolts/AppLinks (1.9.0):
    - Bolts/Tasks
  - Bolts/Tasks (1.9.0)
  - Branch (0.25.3):
    - Branch/Core (= 0.25.3)
  - Branch/Core (0.25.3)
  - CCHMapClusterController (1.7.1)
  - Charts (3.0.4):
    - Charts/Core (= 3.0.4)
  - Charts/Core (3.0.4)
  - CMMapLauncher (1.1.1)
  - CocoaLumberjack (2.4.0):
    - CocoaLumberjack/Default (= 2.4.0)
    - CocoaLumberjack/Extensions (= 2.4.0)
  - CocoaLumberjack/Core (2.4.0)
  - CocoaLumberjack/Default (2.4.0):
    - CocoaLumberjack/Core
  - CocoaLumberjack/Extensions (2.4.0):
    - CocoaLumberjack/Default
  - Crashlytics (3.10.7):
    - Fabric (~> 1.7.11)
  - DGRunkeeperSwitch (1.1.4)
  - DOFavoriteButton (0.0.4)
  - DTMHeatmap (1.0)
  - Fabric (1.7.11)
  - FBNotifications (1.0.1)
  - FBSDKCoreKit (4.36.0):
    - Bolts (~> 1.7)
  - FBSDKShareKit (4.36.0):
    - FBSDKCoreKit (~> 4.36.0)
  - FXNotifications (1.1.1)
  - GearRefreshControl (1.0.1)
  - GoogleMaps (2.7.0):
    - GoogleMaps/Maps (= 2.7.0)
  - GoogleMaps/Base (2.7.0)
  - GoogleMaps/Maps (2.7.0):
    - GoogleMaps/Base
  - InAppSettingsKit (2.9)
  - INTULocationManager (4.3.0)
  - Keys (1.0.1)
  - libextobjc (0.4.1):
    - libextobjc/EXTADT (= 0.4.1)
    - libextobjc/EXTConcreteProtocol (= 0.4.1)
    - libextobjc/EXTKeyPathCoding (= 0.4.1)
    - libextobjc/EXTNil (= 0.4.1)
    - libextobjc/EXTSafeCategory (= 0.4.1)
    - libextobjc/EXTScope (= 0.4.1)
    - libextobjc/EXTSelectorChecking (= 0.4.1)
    - libextobjc/EXTSynthesize (= 0.4.1)
    - "libextobjc/NSInvocation+EXT (= 0.4.1)"
    - "libextobjc/NSMethodSignature+EXT (= 0.4.1)"
    - libextobjc/RuntimeExtensions (= 0.4.1)
    - libextobjc/UmbrellaHeader (= 0.4.1)
  - libextobjc/EXTADT (0.4.1):
    - libextobjc/RuntimeExtensions
  - libextobjc/EXTConcreteProtocol (0.4.1):
    - libextobjc/RuntimeExtensions
  - libextobjc/EXTKeyPathCoding (0.4.1):
    - libextobjc/RuntimeExtensions
  - libextobjc/EXTNil (0.4.1):
    - libextobjc/RuntimeExtensions
  - libextobjc/EXTSafeCategory (0.4.1):
    - libextobjc/RuntimeExtensions
  - libextobjc/EXTScope (0.4.1):
    - libextobjc/RuntimeExtensions
  - libextobjc/EXTSelectorChecking (0.4.1):
    - libextobjc/RuntimeExtensions
  - libextobjc/EXTSynthesize (0.4.1):
    - libextobjc/RuntimeExtensions
  - "libextobjc/NSInvocation+EXT (0.4.1)":
    - libextobjc/RuntimeExtensions
  - "libextobjc/NSMethodSignature+EXT (0.4.1)":
    - libextobjc/RuntimeExtensions
  - libextobjc/RuntimeExtensions (0.4.1)
  - libextobjc/UmbrellaHeader (0.4.1)
  - MagicalRecord/CocoaLumberjack (2.3.2):
    - CocoaLumberjack (~> 2.0)
    - MagicalRecord/Core
  - MagicalRecord/Core (2.3.2)
  - Mantle (2.1.0):
    - Mantle/extobjc (= 2.1.0)
  - Mantle/extobjc (2.1.0)
  - MTLManagedObjectAdapter (1.0.3):
    - Mantle (~> 2.0)
    - MTLManagedObjectAdapter/extobjc (= 1.0.3)
  - MTLManagedObjectAdapter/extobjc (1.0.3):
    - Mantle (~> 2.0)
  - OneSignal (2.8.7)
  - OpenInGoogleMaps (0.1.0)
  - Popover (1.0.6)
  - RESideMenu (4.0.7)
  - RNCryptor (5.0.1)
  - SFDraggableDialogView (1.1.5)
  - SmileWeather (0.2.4)
  - SPGooglePlacesAutocomplete (1.0.6)
  - SVProgressHUD (2.2.5)
  - SVPulsingAnnotationView (0.3)
  - TwitterCore (3.2.0)
  - TwitterKit (3.4.0):
    - TwitterCore (>= 3.1.0)
  - Typhoon (3.6.0):
    - Typhoon/DeallocNotifier (= 3.6.0)
    - Typhoon/IntrospectionUtils (= 3.6.0)
    - Typhoon/no-arc (= 3.6.0)
  - Typhoon/DeallocNotifier (3.6.0)
  - Typhoon/IntrospectionUtils (3.6.0)
  - Typhoon/no-arc (3.6.0):
    - Typhoon/IntrospectionUtils
  - Zephyr (2.2.3)

DEPENDENCIES:
  - AFNetworkActivityLogger (from `https://github.com/AFNetworking/AFNetworkActivityLogger.git`, branch `3_0_0`)
  - AFNetworking (~> 3.1)
  - ARFacebookShareKitActivity (~> 1.1)
  - BBBadgeBarButtonItem (~> 1.2)
  - Branch
  - CCHMapClusterController (~> 1.7)
  - Charts (= 3.0.4)
  - CMMapLauncher (from `https://github.com/alexruperez/CMMapLauncher.git`)
  - Crashlytics (~> 3.8)
  - DGRunkeeperSwitch (~> 1.1)
  - DOFavoriteButton (from `https://github.com/okmr-d/DOFavoriteButton.git`)
  - DTMHeatmap (~> 1.0)
  - Fabric (~> 1.6)
  - FBNotifications (~> 1.0)
  - FBSDKCoreKit (~> 4.23)
  - FXNotifications (~> 1.1)
  - GearRefreshControl (~> 1.0)
  - GoogleMaps (~> 2.3)
  - InAppSettingsKit (~> 2.8)
  - INTULocationManager (~> 4.2)
  - Keys (from `Pods/CocoaPodsKeys`)
  - libextobjc (~> 0.4)
  - MagicalRecord/CocoaLumberjack (~> 2.3)
  - Mantle (~> 2.0)
  - MTLManagedObjectAdapter (~> 1.0)
  - OneSignal (< 3.0, >= 2.5.2)
  - OpenInGoogleMaps (~> 0.1)
  - Popover (= 1.0.6)
  - RESideMenu (~> 4.0)
  - RNCryptor (= 5.0.1)
  - SFDraggableDialogView (~> 1.1)
  - SmileWeather (~> 0.2)
  - SPGooglePlacesAutocomplete (~> 1.0)
  - SVProgressHUD (~> 2.0)
  - SVPulsingAnnotationView (from `https://github.com/TransitApp/SVPulsingAnnotationView.git`)
  - TwitterKit (~> 3.1)
  - Typhoon (~> 3.6)
  - Zephyr (= 2.2.3)

SPEC REPOS:
  https://github.com/cocoapods/specs.git:
    - AFNetworking
    - ARFacebookShareKitActivity
    - BBBadgeBarButtonItem
    - Bolts
    - Branch
    - CCHMapClusterController
    - Charts
    - CocoaLumberjack
    - Crashlytics
    - DGRunkeeperSwitch
    - DTMHeatmap
    - Fabric
    - FBNotifications
    - FBSDKCoreKit
    - FBSDKShareKit
    - FXNotifications
    - GearRefreshControl
    - GoogleMaps
    - InAppSettingsKit
    - INTULocationManager
    - libextobjc
    - MagicalRecord
    - Mantle
    - MTLManagedObjectAdapter
    - OneSignal
    - OpenInGoogleMaps
    - Popover
    - RESideMenu
    - RNCryptor
    - SFDraggableDialogView
    - SmileWeather
    - SPGooglePlacesAutocomplete
    - SVProgressHUD
    - TwitterCore
    - TwitterKit
    - Typhoon
    - Zephyr

EXTERNAL SOURCES:
  AFNetworkActivityLogger:
    :branch: 3_0_0
    :git: https://github.com/AFNetworking/AFNetworkActivityLogger.git
  CMMapLauncher:
    :git: https://github.com/alexruperez/CMMapLauncher.git
  DOFavoriteButton:
    :git: https://github.com/okmr-d/DOFavoriteButton.git
  Keys:
    :path: Pods/CocoaPodsKeys
  SVPulsingAnnotationView:
    :git: https://github.com/TransitApp/SVPulsingAnnotationView.git

CHECKOUT OPTIONS:
  AFNetworkActivityLogger:
    :commit: b7cce59a369788c409d218e8dab7f381a858cee4
    :git: https://github.com/AFNetworking/AFNetworkActivityLogger.git
  CMMapLauncher:
    :commit: 44765103e4ff5b57ca3a3f18fa807e264540abc5
    :git: https://github.com/alexruperez/CMMapLauncher.git
  DOFavoriteButton:
    :commit: 43c65253d4c14e596a511354ca0e0aac0ec2bd5c
    :git: https://github.com/okmr-d/DOFavoriteButton.git
  SVPulsingAnnotationView:
    :commit: fcc9fc79418b08b3e903a5908aa37470a3aa5ced
    :git: https://github.com/TransitApp/SVPulsingAnnotationView.git

SPEC CHECKSUMS:
  AFNetworkActivityLogger: e77f68d014becb33c4306a23f56a64906ff72670
  AFNetworking: b6f891fdfaed196b46c7a83cf209e09697b94057
  ARFacebookShareKitActivity: 3479b73f32e462d8c82e2d4c2c4e25cebd7ba561
  BBBadgeBarButtonItem: c2fbca0bff18e21b70defc9438a8a5048008e7ca
  Bolts: ac6567323eac61e203f6a9763667d0f711be34c8
  Branch: 9917f91a5381bc88ed8e4f080a18213267cf44e6
  CCHMapClusterController: 3de2f03cb659a98ef8518d22de3fcb129d888049
  Charts: 0705898046257443f0afbbc3179f4b67507b6e48
  CMMapLauncher: 2785415522d20f18e0629b835ffc38dbe56de16f
  CocoaLumberjack: aa9dcab71bdf9eaf2a63bbd9ddc87863efe45457
  Crashlytics: ccaac42660eb9351b9960c0d66106b0bcf99f4fa
  DGRunkeeperSwitch: cc237936f42237307f5e212e18136a27bf907bf1
  DOFavoriteButton: 866e15af173d2dd5233971a1f657a5f31d2491d5
  DTMHeatmap: f5588af0730fbfe78c75d6d013f1932d7d327ab2
  Fabric: f233c9492b3bbc1f04e3882986740f7988a58edb
  FBNotifications: 3f1a9e43ffa2979a685eec29c960ca6a15c70be9
  FBSDKCoreKit: 3b8e6570eedb443f9fc4af196a7bf39f18e3a3d8
  FBSDKShareKit: 7090fdd55c39b03941efddb64c83a64ff6b3949f
  FXNotifications: 5b4a90a3ae5bccce93d33070bed79da27c8c811e
  GearRefreshControl: f1d4cf97b6440bbd47d6a8a32fe2aaddd6d1e3cb
  GoogleMaps: f79af95cb24d869457b1f961c93d3ce8b2f3b848
  InAppSettingsKit: fc3dea21846535b76b8289b119dbfdbe2505b2b2
  INTULocationManager: 0ca5c76eacc029ba15938fc699520bc333ed6435
  Keys: a576f4c9c1c641ca913a959a9c62ed3f215a8de9
  libextobjc: a650fc1bf489a3d3a9bc2e621efa3e1006fc5471
  MagicalRecord: 53bed74b4323b930992a725be713e53b37d19755
  Mantle: 2fa750afa478cd625a94230fbf1c13462f29395b
  MTLManagedObjectAdapter: 631a53432675dcf03a9d90624afb3cececf54631
  OneSignal: a48968a4096ac9146af91f31870204dcd731c939
  OpenInGoogleMaps: 60dd887d2e2b2149166a03bd6dab1d4478a7d3e8
  Popover: 227aa929a6cdf41c4828786be8ede109c40344c9
  RESideMenu: f24c508404b49c667344c54aba7e590883533958
  RNCryptor: 2e352a488779d1a9184ab629be22a7c5bc84acb5
  SFDraggableDialogView: 1ace36b8cb2f52aab82f386d910a286f0c073997
  SmileWeather: c194de37bc6b2eacddda15d8b69de4a82fe42927
  SPGooglePlacesAutocomplete: 8adac6930adf6f01fe82c06efe96d8deb385fb5b
  SVProgressHUD: 1428aafac632c1f86f62aa4243ec12008d7a51d6
  SVPulsingAnnotationView: 6dd95e7bd61ff7f582f1e75029fd6df25eeba569
  TwitterCore: 8cbc9ad34d91c63a0035ea05bfbfc0d7ca72a28c
  TwitterKit: bc7bd086b9b724a1d888745a054e1d0b1ecc4f3f
  Typhoon: 551cc8fae881d0f4b20ddafc6d276da3e867f61f
  Zephyr: 9620401cbbd18305b1b4e2752dd67cc283bae30a

PODFILE CHECKSUM: 735a42d3faded782e6f0a053ae073214a29b9ad7

COCOAPODS: 1.5.3
