PODS:
  - AFNetworkActivityLogger (3.0.0):
    - AFNetworking/NSURLSession (~> 3.0)
  - AFNetworking (3.2.1):
    - AFNetworking/NSURLSession (= 3.2.1)
    - AFNetworking/Reachability (= 3.2.1)
    - AFNetworking/Security (= 3.2.1)
    - AFNetworking/Serialization (= 3.2.1)
    - AFNetworking/UIKit (= 3.2.1)
  - AFNetworking/NSURLSession (3.2.1):
    - AFNetworking/Reachability
    - AFNetworking/Security
    - AFNetworking/Serialization
  - AFNetworking/Reachability (3.2.1)
  - AFNetworking/Security (3.2.1)
  - AFNetworking/Serialization (3.2.1)
  - AFNetworking/UIKit (3.2.1):
    - AFNetworking/NSURLSession
  - ARFacebookShareKitActivity (1.2):
    - ARFacebookShareKitActivity/AppInviteActivity (= 1.2)
    - ARFacebookShareKitActivity/ShareLinkActivity (= 1.2)
    - ARFacebookShareKitActivity/ShareMediaActivity (= 1.2)
    - ARFacebookShareKitActivity/SharingDelegateExtension (= 1.2)
    - ARFacebookShareKitActivity/SharingExtension (= 1.2)
    - Bolts
    - FBSDKCoreKit
    - FBSDKShareKit
  - ARFacebookShareKitActivity/AppInviteActivity (1.2):
    - ARFacebookShareKitActivity/SharingDelegateExtension
    - Bolts
    - FBSDKCoreKit
    - FBSDKShareKit
  - ARFacebookShareKitActivity/ShareLinkActivity (1.2):
    - ARFacebookShareKitActivity/SharingDelegateExtension
    - Bolts
    - FBSDKCoreKit
    - FBSDKShareKit
  - ARFacebookShareKitActivity/ShareMediaActivity (1.2):
    - ARFacebookShareKitActivity/SharingDelegateExtension
    - Bolts
    - FBSDKCoreKit
    - FBSDKShareKit
  - ARFacebookShareKitActivity/SharingDelegateExtension (1.2):
    - Bolts
    - FBSDKCoreKit
    - FBSDKShareKit
  - ARFacebookShareKitActivity/SharingExtension (1.2):
    - ARFacebookShareKitActivity/SharingDelegateExtension
    - Bolts
    - FBSDKCoreKit
    - FBSDKShareKit
  - BBBadgeBarButtonItem (1.2)
  - Bolts (1.9.0):
    - Bolts/AppLinks (= 1.9.0)
    - Bolts/Tasks (= 1.9.0)
  - Bolts/AppLinks (1.9.0):
    - Bolts/Tasks
  - Bolts/Tasks (1.9.0)
  - Branch (0.25.11):
    - Branch/Core (= 0.25.11)
  - Branch/Core (0.25.11)
  - CCHMapClusterController (1.7.2)
  - Charts (3.0.4):
    - Charts/Core (= 3.0.4)
  - Charts/Core (3.0.4)
  - CMMapLauncher (1.1.1)
  - CocoaLumberjack (2.4.0):
    - CocoaLumberjack/Default (= 2.4.0)
    - CocoaLumberjack/Extensions (= 2.4.0)
  - CocoaLumberjack/Core (2.4.0)
  - CocoaLumberjack/Default (2.4.0):
    - CocoaLumberjack/Core
  - CocoaLumberjack/Extensions (2.4.0):
    - CocoaLumberjack/Default
  - Crashlytics (3.12.0):
    - Fabric (~> 1.9.0)
  - DGRunkeeperSwitch (1.1.4)
  - DOFavoriteButton (0.0.4)
  - DTMHeatmap (1.0)
  - Fabric (1.9.0)
  - FBSDKCoreKit (4.41.0):
    - Bolts (~> 1.9)
  - FBSDKShareKit (4.41.0):
    - FBSDKCoreKit
  - FXNotifications (1.1.1)
  - GearRefreshControl (1.0.1)
  - GoogleMaps (3.0.3):
    - GoogleMaps/Maps (= 3.0.3)
  - GoogleMaps/Base (3.0.3)
  - GoogleMaps/Maps (3.0.3):
    - GoogleMaps/Base
  - GooglePlaces (3.0.3):
    - GoogleMaps/Base (= 3.0.3)
  - InAppSettingsKit (2.10)
  - INTULocationManager (4.3.2)
  - Keys (1.0.1)
  - libextobjc (0.6):
    - libextobjc/EXTADT (= 0.6)
    - libextobjc/EXTConcreteProtocol (= 0.6)
    - libextobjc/EXTKeyPathCoding (= 0.6)
    - libextobjc/EXTNil (= 0.6)
    - libextobjc/EXTSafeCategory (= 0.6)
    - libextobjc/EXTScope (= 0.6)
    - libextobjc/EXTSelectorChecking (= 0.6)
    - libextobjc/EXTSynthesize (= 0.6)
    - "libextobjc/NSInvocation+EXT (= 0.6)"
    - "libextobjc/NSMethodSignature+EXT (= 0.6)"
    - libextobjc/RuntimeExtensions (= 0.6)
    - libextobjc/UmbrellaHeader (= 0.6)
  - libextobjc/EXTADT (0.6):
    - libextobjc/RuntimeExtensions
  - libextobjc/EXTConcreteProtocol (0.6):
    - libextobjc/RuntimeExtensions
  - libextobjc/EXTKeyPathCoding (0.6):
    - libextobjc/RuntimeExtensions
  - libextobjc/EXTNil (0.6):
    - libextobjc/RuntimeExtensions
  - libextobjc/EXTSafeCategory (0.6):
    - libextobjc/RuntimeExtensions
  - libextobjc/EXTScope (0.6):
    - libextobjc/RuntimeExtensions
  - libextobjc/EXTSelectorChecking (0.6):
    - libextobjc/RuntimeExtensions
  - libextobjc/EXTSynthesize (0.6):
    - libextobjc/RuntimeExtensions
  - "libextobjc/NSInvocation+EXT (0.6)":
    - libextobjc/RuntimeExtensions
  - "libextobjc/NSMethodSignature+EXT (0.6)":
    - libextobjc/RuntimeExtensions
  - libextobjc/RuntimeExtensions (0.6)
  - libextobjc/UmbrellaHeader (0.6)
  - MagicalRecord/CocoaLumberjack (2.3.2):
    - CocoaLumberjack (~> 2.0)
    - MagicalRecord/Core
  - MagicalRecord/Core (2.3.2)
  - Mantle (2.1.0):
    - Mantle/extobjc (= 2.1.0)
  - Mantle/extobjc (2.1.0)
  - MTLManagedObjectAdapter (1.0.3):
    - Mantle (~> 2.0)
    - MTLManagedObjectAdapter/extobjc (= 1.0.3)
  - MTLManagedObjectAdapter/extobjc (1.0.3):
    - Mantle (~> 2.0)
  - OneSignal (2.9.5)
  - OpenInGoogleMaps (0.1.0)
  - Popover (1.0.6)
  - RESideMenu (4.0.7)
  - RNCryptor (5.0.3)
  - SFDraggableDialogView (1.1.5)
  - SmileWeather (0.2.4)
  - SVProgressHUD (2.2.5)
  - SVPulsingAnnotationView (0.3)
  - TwitterCore (3.2.0)
  - TwitterKit (3.4.2):
    - TwitterCore (>= 3.2.0)
  - Typhoon (3.6.0):
    - Typhoon/DeallocNotifier (= 3.6.0)
    - Typhoon/IntrospectionUtils (= 3.6.0)
    - Typhoon/no-arc (= 3.6.0)
  - Typhoon/DeallocNotifier (3.6.0)
  - Typhoon/IntrospectionUtils (3.6.0)
  - Typhoon/no-arc (3.6.0):
    - Typhoon/IntrospectionUtils
  - Zephyr (3.2.0)

DEPENDENCIES:
  - AFNetworkActivityLogger (~> 3.0)
  - AFNetworking (~> 3.2)
  - ARFacebookShareKitActivity (~> 1.1)
  - BBBadgeBarButtonItem (~> 1.2)
  - Branch
  - CCHMapClusterController (~> 1.7)
  - Charts (= 3.0.4)
  - CMMapLauncher (from `https://github.com/alexruperez/CMMapLauncher.git`)
  - Crashlytics (~> 3.10)
  - DGRunkeeperSwitch (~> 1.1)
  - DOFavoriteButton (from `https://github.com/okmr-d/DOFavoriteButton.git`)
  - DTMHeatmap (~> 1.0)
  - Fabric (~> 1.7)
  - FBSDKCoreKit (~> 4.36)
  - FXNotifications (~> 1.1)
  - GearRefreshControl (~> 1.0)
  - GoogleMaps (~> 3.0)
  - GooglePlaces (~> 3.0)
  - InAppSettingsKit (~> 2.9)
  - INTULocationManager (~> 4.3)
  - Keys (from `Pods/CocoaPodsKeys`)
  - libextobjc (~> 0.4)
  - MagicalRecord/CocoaLumberjack (~> 2.3)
  - Mantle (~> 2.1)
  - MTLManagedObjectAdapter (~> 1.0)
  - OneSignal (< 3.0, >= 2.6.2)
  - OpenInGoogleMaps (~> 0.1)
  - Popover (= 1.0.6)
  - RESideMenu (~> 4.0)
  - RNCryptor (= 5.0.3)
  - SFDraggableDialogView (~> 1.1)
  - SmileWeather (~> 0.2)
  - SVProgressHUD (~> 2.2)
  - SVPulsingAnnotationView (from `https://github.com/TransitApp/SVPulsingAnnotationView.git`)
  - TwitterKit (~> 3.4)
  - Typhoon (~> 3.6)
  - Zephyr (= 3.2.0)

SPEC REPOS:
  https://github.com/cocoapods/specs.git:
    - AFNetworkActivityLogger
    - AFNetworking
    - ARFacebookShareKitActivity
    - BBBadgeBarButtonItem
    - Bolts
    - Branch
    - CCHMapClusterController
    - Charts
    - CocoaLumberjack
    - Crashlytics
    - DGRunkeeperSwitch
    - DTMHeatmap
    - Fabric
    - FBSDKCoreKit
    - FBSDKShareKit
    - FXNotifications
    - GearRefreshControl
    - GoogleMaps
    - GooglePlaces
    - InAppSettingsKit
    - INTULocationManager
    - libextobjc
    - MagicalRecord
    - Mantle
    - MTLManagedObjectAdapter
    - OneSignal
    - OpenInGoogleMaps
    - Popover
    - RESideMenu
    - RNCryptor
    - SFDraggableDialogView
    - SmileWeather
    - SVProgressHUD
    - TwitterCore
    - TwitterKit
    - Typhoon
    - Zephyr

EXTERNAL SOURCES:
  CMMapLauncher:
    :git: https://github.com/alexruperez/CMMapLauncher.git
  DOFavoriteButton:
    :git: https://github.com/okmr-d/DOFavoriteButton.git
  Keys:
    :path: Pods/CocoaPodsKeys
  SVPulsingAnnotationView:
    :git: https://github.com/TransitApp/SVPulsingAnnotationView.git

CHECKOUT OPTIONS:
  CMMapLauncher:
    :commit: 44765103e4ff5b57ca3a3f18fa807e264540abc5
    :git: https://github.com/alexruperez/CMMapLauncher.git
  DOFavoriteButton:
    :commit: 43c65253d4c14e596a511354ca0e0aac0ec2bd5c
    :git: https://github.com/okmr-d/DOFavoriteButton.git
  SVPulsingAnnotationView:
    :commit: fcc9fc79418b08b3e903a5908aa37470a3aa5ced
    :git: https://github.com/TransitApp/SVPulsingAnnotationView.git

SPEC CHECKSUMS:
  AFNetworkActivityLogger: e77f68d014becb33c4306a23f56a64906ff72670
  AFNetworking: b6f891fdfaed196b46c7a83cf209e09697b94057
  ARFacebookShareKitActivity: 3479b73f32e462d8c82e2d4c2c4e25cebd7ba561
  BBBadgeBarButtonItem: c2fbca0bff18e21b70defc9438a8a5048008e7ca
  Bolts: ac6567323eac61e203f6a9763667d0f711be34c8
  Branch: 3cc6dcfd726db42ced22c418c0fb09aa5e90a847
  CCHMapClusterController: 682e1eb1373a7decda1b75fd7b24b3047fed9daa
  Charts: 0705898046257443f0afbbc3179f4b67507b6e48
  CMMapLauncher: 2785415522d20f18e0629b835ffc38dbe56de16f
  CocoaLumberjack: aa9dcab71bdf9eaf2a63bbd9ddc87863efe45457
  Crashlytics: 07fb167b1694128c1c9a5a5cc319b0e9c3ca0933
  DGRunkeeperSwitch: cc237936f42237307f5e212e18136a27bf907bf1
  DOFavoriteButton: 866e15af173d2dd5233971a1f657a5f31d2491d5
  DTMHeatmap: f5588af0730fbfe78c75d6d013f1932d7d327ab2
  Fabric: f988e33c97f08930a413e08123064d2e5f68d655
  FBSDKCoreKit: 974810fe3806173f3777c68062fa8ed6fa59b59d
  FBSDKShareKit: 79dfd0c51f1a241f33e219fcc39e7cc69534b900
  FXNotifications: 5b4a90a3ae5bccce93d33070bed79da27c8c811e
  GearRefreshControl: f1d4cf97b6440bbd47d6a8a32fe2aaddd6d1e3cb
  GoogleMaps: fd5c9fa58871781b9fb94d4936f19c69fe60ce32
  GooglePlaces: f09e76993c9c3ee4af8f4f7f535bb94d6aa3b649
  InAppSettingsKit: d965e29be941eb19857271e4625de3fba6e23c9f
  INTULocationManager: e5dc524611b0cd582f473bc56cc8c389adb2f338
  Keys: a576f4c9c1c641ca913a959a9c62ed3f215a8de9
  libextobjc: aed8b7d2b07f511c1a7ecaacb33ea03e327c69b7
  MagicalRecord: 53bed74b4323b930992a725be713e53b37d19755
  Mantle: 2fa750afa478cd625a94230fbf1c13462f29395b
  MTLManagedObjectAdapter: 631a53432675dcf03a9d90624afb3cececf54631
  OneSignal: ccdeb961882f8668305e5b694e2cb7cb325fc907
  OpenInGoogleMaps: 60dd887d2e2b2149166a03bd6dab1d4478a7d3e8
  Popover: 227aa929a6cdf41c4828786be8ede109c40344c9
  RESideMenu: f24c508404b49c667344c54aba7e590883533958
  RNCryptor: c93d19029dcf7ff160aca0f24d6c9e7b0d82f664
  SFDraggableDialogView: 1ace36b8cb2f52aab82f386d910a286f0c073997
  SmileWeather: c194de37bc6b2eacddda15d8b69de4a82fe42927
  SVProgressHUD: 1428aafac632c1f86f62aa4243ec12008d7a51d6
  SVPulsingAnnotationView: 6dd95e7bd61ff7f582f1e75029fd6df25eeba569
  TwitterCore: 8cbc9ad34d91c63a0035ea05bfbfc0d7ca72a28c
  TwitterKit: 5e4f41d70b9abdb41df5467f52d7aa2c0fd26ebb
  Typhoon: 551cc8fae881d0f4b20ddafc6d276da3e867f61f
  Zephyr: 8d7343c6cc45ed53c9d94dce33cf5c7c607b5e05

PODFILE CHECKSUM: 95bb9a24c94d6fdfb62c6f7ddcdfe4e9a28c7095

COCOAPODS: 1.6.1
